
Microsoft Visual Studio Solution File, Format Version 12.00
# Visual Studio Version 17
VisualStudioVersion = 17.8.34511.84
MinimumVisualStudioVersion = 10.0.40219.1
Project("{FAE04EC0-301F-11D3-BF4B-00C04F79EFBC}") = "VideoGameStore", "VideoGameStore\VideoGameStore.csproj", "{77A12397-84F1-4DD4-8760-37D9DBB29739}"
EndProject
Global
	GlobalSection(SolutionConfigurationPlatforms) = preSolution
		Debug|Any CPU = Debug|Any CPU
		Release|Any CPU = Release|Any CPU
	EndGlobalSection
	GlobalSection(ProjectConfigurationPlatforms) = postSolution
		{77A12397-84F1-4DD4-8760-37D9DBB29739}.Debug|Any CPU.ActiveCfg = Debug|Any CPU
		{77A12397-84F1-4DD4-8760-37D9DBB29739}.Debug|Any CPU.Build.0 = Debug|Any CPU
		{77A12397-84F1-4DD4-8760-37D9DBB29739}.Release|Any CPU.ActiveCfg = Release|Any CPU
		{77A12397-84F1-4DD4-8760-37D9DBB29739}.Release|Any CPU.Build.0 = Release|Any CPU
	EndGlobalSection
	GlobalSection(SolutionProperties) = preSolution
		HideSolutionNode = FALSE
	EndGlobalSection
	GlobalSection(ExtensibilityGlobals) = postSolution
		SolutionGuid = {97727C58-021E-4A7B-B62A-6C8F9A83A8A8}
	EndGlobalSection
EndGlobal
